// !$*UTF8*$!
{
	archiveVersion = 1;
	classes = {
	};
	objectVersion = 56;
	objects = {

/* Begin PBXBuildFile section */
		1A61590F29DD9A5300130818 /* Extension.swift in Sources */ = {isa = PBXBuildFile; fileRef = 1A61590E29DD9A5300130818 /* Extension.swift */; };
		1A99B29529DD3F4A00609838 /* MainDataModel.swift in Sources */ = {isa = PBXBuildFile; fileRef = 1A99B29429DD3F4A00609838 /* MainDataModel.swift */; };
		1A99B29A29DD4F7000609838 /* PersonInfoViewController.swift in Sources */ = {isa = PBXBuildFile; fileRef = 1A99B29929DD4F7000609838 /* PersonInfoViewController.swift */; };
		1A99B29E29DD67E800609838 /* TabBarController.swift in Sources */ = {isa = PBXBuildFile; fileRef = 1A99B29D29DD67E800609838 /* TabBarController.swift */; };
		1A99B2A229DD715900609838 /* BiographyViewController.swift in Sources */ = {isa = PBXBuildFile; fileRef = 1A99B2A129DD715900609838 /* BiographyViewController.swift */; };
		1AF5F0BD29D989C100BE549C /* AppDelegate.swift in Sources */ = {isa = PBXBuildFile; fileRef = 1AF5F0BC29D989C100BE549C /* AppDelegate.swift */; };
		1AF5F0BF29D989C100BE549C /* SceneDelegate.swift in Sources */ = {isa = PBXBuildFile; fileRef = 1AF5F0BE29D989C100BE549C /* SceneDelegate.swift */; };
		1AF5F0C129D989C100BE549C /* MainViewController.swift in Sources */ = {isa = PBXBuildFile; fileRef = 1AF5F0C029D989C100BE549C /* MainViewController.swift */; };
		1AF5F0C429D989C100BE549C /* Main.storyboard in Resources */ = {isa = PBXBuildFile; fileRef = 1AF5F0C229D989C100BE549C /* Main.storyboard */; };
		1AF5F0C629D989C200BE549C /* Assets.xcassets in Resources */ = {isa = PBXBuildFile; fileRef = 1AF5F0C529D989C200BE549C /* Assets.xcassets */; };
		1AF5F0C929D989C200BE549C /* LaunchScreen.storyboard in Resources */ = {isa = PBXBuildFile; fileRef = 1AF5F0C729D989C200BE549C /* LaunchScreen.storyboard */; };
		1AF5F0D129D99E7C00BE549C /* GreetingsViewController.swift in Sources */ = {isa = PBXBuildFile; fileRef = 1AF5F0D029D99E7C00BE549C /* GreetingsViewController.swift */; };
/* End PBXBuildFile section */

/* Begin PBXFileReference section */
		1A61590E29DD9A5300130818 /* Extension.swift */ = {isa = PBXFileReference; lastKnownFileType = sourcecode.swift; path = Extension.swift; sourceTree = "<group>"; };
		1A99B29429DD3F4A00609838 /* MainDataModel.swift */ = {isa = PBXFileReference; lastKnownFileType = sourcecode.swift; path = MainDataModel.swift; sourceTree = "<group>"; };
		1A99B29929DD4F7000609838 /* PersonInfoViewController.swift */ = {isa = PBXFileReference; lastKnownFileType = sourcecode.swift; path = PersonInfoViewController.swift; sourceTree = "<group>"; };
		1A99B29D29DD67E800609838 /* TabBarController.swift */ = {isa = PBXFileReference; lastKnownFileType = sourcecode.swift; path = TabBarController.swift; sourceTree = "<group>"; };
		1A99B2A129DD715900609838 /* BiographyViewController.swift */ = {isa = PBXFileReference; lastKnownFileType = sourcecode.swift; path = BiographyViewController.swift; sourceTree = "<group>"; };
		1AF5F0B929D989C100BE549C /* Authorisation.app */ = {isa = PBXFileReference; explicitFileType = wrapper.application; includeInIndex = 0; path = Authorisation.app; sourceTree = BUILT_PRODUCTS_DIR; };
		1AF5F0BC29D989C100BE549C /* AppDelegate.swift */ = {isa = PBXFileReference; lastKnownFileType = sourcecode.swift; path = AppDelegate.swift; sourceTree = "<group>"; };
		1AF5F0BE29D989C100BE549C /* SceneDelegate.swift */ = {isa = PBXFileReference; lastKnownFileType = sourcecode.swift; path = SceneDelegate.swift; sourceTree = "<group>"; };
		1AF5F0C029D989C100BE549C /* MainViewController.swift */ = {isa = PBXFileReference; lastKnownFileType = sourcecode.swift; path = MainViewController.swift; sourceTree = "<group>"; };
		1AF5F0C329D989C100BE549C /* Base */ = {isa = PBXFileReference; lastKnownFileType = file.storyboard; name = Base; path = Base.lproj/Main.storyboard; sourceTree = "<group>"; };
		1AF5F0C529D989C200BE549C /* Assets.xcassets */ = {isa = PBXFileReference; lastKnownFileType = folder.assetcatalog; path = Assets.xcassets; sourceTree = "<group>"; };
		1AF5F0C829D989C200BE549C /* Base */ = {isa = PBXFileReference; lastKnownFileType = file.storyboard; name = Base; path = Base.lproj/LaunchScreen.storyboard; sourceTree = "<group>"; };
		1AF5F0CA29D989C200BE549C /* Info.plist */ = {isa = PBXFileReference; lastKnownFileType = text.plist.xml; path = Info.plist; sourceTree = "<group>"; };
		1AF5F0D029D99E7C00BE549C /* GreetingsViewController.swift */ = {isa = PBXFileReference; lastKnownFileType = sourcecode.swift; path = GreetingsViewController.swift; sourceTree = "<group>"; };
/* End PBXFileReference section */

/* Begin PBXFrameworksBuildPhase section */
		1AF5F0B629D989C100BE549C /* Frameworks */ = {
			isa = PBXFrameworksBuildPhase;
			buildActionMask = 2147483647;
			files = (
			);
			runOnlyForDeploymentPostprocessing = 0;
		};
/* End PBXFrameworksBuildPhase section */

/* Begin PBXGroup section */
		1A61591029DDA39000130818 /* Extensions */ = {
			isa = PBXGroup;
			children = (
				1A61590E29DD9A5300130818 /* Extension.swift */,
			);
			path = Extensions;
			sourceTree = "<group>";
		};
		1A99B29129DD3EDF00609838 /* App */ = {
			isa = PBXGroup;
			children = (
				1AF5F0BC29D989C100BE549C /* AppDelegate.swift */,
				1AF5F0BE29D989C100BE549C /* SceneDelegate.swift */,
				1AF5F0CA29D989C200BE549C /* Info.plist */,
			);
			path = App;
			sourceTree = "<group>";
		};
		1A99B29229DD3EF400609838 /* ViewControllers */ = {
			isa = PBXGroup;
			children = (
				1AF5F0C029D989C100BE549C /* MainViewController.swift */,
				1A99B29D29DD67E800609838 /* TabBarController.swift */,
				1AF5F0D029D99E7C00BE549C /* GreetingsViewController.swift */,
				1A99B29929DD4F7000609838 /* PersonInfoViewController.swift */,
				1A99B2A129DD715900609838 /* BiographyViewController.swift */,
			);
			path = ViewControllers;
			sourceTree = "<group>";
		};
		1A99B29329DD3F0800609838 /* Storyboards */ = {
			isa = PBXGroup;
			children = (
				1AF5F0C229D989C100BE549C /* Main.storyboard */,
				1AF5F0C729D989C200BE549C /* LaunchScreen.storyboard */,
			);
			path = Storyboards;
			sourceTree = "<group>";
		};
		1A99B29629DD3F6C00609838 /* DataModels */ = {
			isa = PBXGroup;
			children = (
				1A99B29429DD3F4A00609838 /* MainDataModel.swift */,
			);
			path = DataModels;
			sourceTree = "<group>";
		};
		1AF5F0B029D989C100BE549C = {
			isa = PBXGroup;
			children = (
				1AF5F0BB29D989C100BE549C /* Authorisation */,
				1AF5F0BA29D989C100BE549C /* Products */,
			);
			sourceTree = "<group>";
		};
		1AF5F0BA29D989C100BE549C /* Products */ = {
			isa = PBXGroup;
			children = (
				1AF5F0B929D989C100BE549C /* Authorisation.app */,
			);
			name = Products;
			sourceTree = "<group>";
		};
		1AF5F0BB29D989C100BE549C /* Authorisation */ = {
			isa = PBXGroup;
			children = (
				1A99B29629DD3F6C00609838 /* DataModels */,
				1A99B29329DD3F0800609838 /* Storyboards */,
				1A61591029DDA39000130818 /* Extensions */,
				1A99B29229DD3EF400609838 /* ViewControllers */,
				1A99B29129DD3EDF00609838 /* App */,
				1AF5F0C529D989C200BE549C /* Assets.xcassets */,
			);
			path = Authorisation;
			sourceTree = "<group>";
		};
/* End PBXGroup section */

/* Begin PBXNativeTarget section */
		1AF5F0B829D989C100BE549C /* Authorisation */ = {
			isa = PBXNativeTarget;
			buildConfigurationList = 1AF5F0CD29D989C200BE549C /* Build configuration list for PBXNativeTarget "Authorisation" */;
			buildPhases = (
				1AF5F0B529D989C100BE549C /* Sources */,
				1AF5F0B629D989C100BE549C /* Frameworks */,
				1AF5F0B729D989C100BE549C /* Resources */,
			);
			buildRules = (
			);
			dependencies = (
			);
			name = Authorisation;
			productName = Authorisation;
			productReference = 1AF5F0B929D989C100BE549C /* Authorisation.app */;
			productType = "com.apple.product-type.application";
		};
/* End PBXNativeTarget section */

/* Begin PBXProject section */
		1AF5F0B129D989C100BE549C /* Project object */ = {
			isa = PBXProject;
			attributes = {
				BuildIndependentTargetsInParallel = 1;
				LastSwiftUpdateCheck = 1420;
				LastUpgradeCheck = 1420;
				TargetAttributes = {
					1AF5F0B829D989C100BE549C = {
						CreatedOnToolsVersion = 14.2;
					};
				};
			};
			buildConfigurationList = 1AF5F0B429D989C100BE549C /* Build configuration list for PBXProject "Authorisation" */;
			compatibilityVersion = "Xcode 14.0";
			developmentRegion = en;
			hasScannedForEncodings = 0;
			knownRegions = (
				en,
				Base,
			);
			mainGroup = 1AF5F0B029D989C100BE549C;
			productRefGroup = 1AF5F0BA29D989C100BE549C /* Products */;
			projectDirPath = "";
			projectRoot = "";
			targets = (
				1AF5F0B829D989C100BE549C /* Authorisation */,
			);
		};
/* End PBXProject section */

/* Begin PBXResourcesBuildPhase section */
		1AF5F0B729D989C100BE549C /* Resources */ = {
			isa = PBXResourcesBuildPhase;
			buildActionMask = 2147483647;
			files = (
				1AF5F0C929D989C200BE549C /* LaunchScreen.storyboard in Resources */,
				1AF5F0C629D989C200BE549C /* Assets.xcassets in Resources */,
				1AF5F0C429D989C100BE549C /* Main.storyboard in Resources */,
			);
			runOnlyForDeploymentPostprocessing = 0;
		};
/* End PBXResourcesBuildPhase section */

/* Begin PBXSourcesBuildPhase section */
		1AF5F0B529D989C100BE549C /* Sources */ = {
			isa = PBXSourcesBuildPhase;
			buildActionMask = 2147483647;
			files = (
				1A99B2A229DD715900609838 /* BiographyViewController.swift in Sources */,
				1AF5F0C129D989C100BE549C /* MainViewController.swift in Sources */,
				1A99B29A29DD4F7000609838 /* PersonInfoViewController.swift in Sources */,
				1AF5F0BD29D989C100BE549C /* AppDelegate.swift in Sources */,
				1A61590F29DD9A5300130818 /* Extension.swift in Sources */,
				1AF5F0BF29D989C100BE549C /* SceneDelegate.swift in Sources */,
				1A99B29E29DD67E800609838 /* TabBarController.swift in Sources */,
				1A99B29529DD3F4A00609838 /* MainDataModel.swift in Sources */,
				1AF5F0D129D99E7C00BE549C /* GreetingsViewController.swift in Sources */,
			);
			runOnlyForDeploymentPostprocessing = 0;
		};
/* End PBXSourcesBuildPhase section */

/* Begin PBXVariantGroup section */
		1AF5F0C229D989C100BE549C /* Main.storyboard */ = {
			isa = PBXVariantGroup;
			children = (
				1AF5F0C329D989C100BE549C /* Base */,
			);
			name = Main.storyboard;
			sourceTree = "<group>";
		};
		1AF5F0C729D989C200BE549C /* LaunchScreen.storyboard */ = {
			isa = PBXVariantGroup;
			children = (
				1AF5F0C829D989C200BE549C /* Base */,
			);
			name = LaunchScreen.storyboard;
			sourceTree = "<group>";
		};
/* End PBXVariantGroup section */

/* Begin XCBuildConfiguration section */
		1AF5F0CB29D989C200BE549C /* Debug */ = {
			isa = XCBuildConfiguration;
			buildSettings = {
				ALWAYS_SEARCH_USER_PATHS = NO;
				CLANG_ANALYZER_NONNULL = YES;
				CLANG_ANALYZER_NUMBER_OBJECT_CONVERSION = YES_AGGRESSIVE;
				CLANG_CXX_LANGUAGE_STANDARD = "gnu++20";
				CLANG_ENABLE_MODULES = YES;
				CLANG_ENABLE_OBJC_ARC = YES;
				CLANG_ENABLE_OBJC_WEAK = YES;
				CLANG_WARN_BLOCK_CAPTURE_AUTORELEASING = YES;
				CLANG_WARN_BOOL_CONVERSION = YES;
				CLANG_WARN_COMMA = YES;
				CLANG_WARN_CONSTANT_CONVERSION = YES;
				CLANG_WARN_DEPRECATED_OBJC_IMPLEMENTATIONS = YES;
				CLANG_WARN_DIRECT_OBJC_ISA_USAGE = YES_ERROR;
				CLANG_WARN_DOCUMENTATION_COMMENTS = YES;
				CLANG_WARN_EMPTY_BODY = YES;
				CLANG_WARN_ENUM_CONVERSION = YES;
				CLANG_WARN_INFINITE_RECURSION = YES;
				CLANG_WARN_INT_CONVERSION = YES;
				CLANG_WARN_NON_LITERAL_NULL_CONVERSION = YES;
				CLANG_WARN_OBJC_IMPLICIT_RETAIN_SELF = YES;
				CLANG_WARN_OBJC_LITERAL_CONVERSION = YES;
				CLANG_WARN_OBJC_ROOT_CLASS = YES_ERROR;
				CLANG_WARN_QUOTED_INCLUDE_IN_FRAMEWORK_HEADER = YES;
				CLANG_WARN_RANGE_LOOP_ANALYSIS = YES;
				CLANG_WARN_STRICT_PROTOTYPES = YES;
				CLANG_WARN_SUSPICIOUS_MOVE = YES;
				CLANG_WARN_UNGUARDED_AVAILABILITY = YES_AGGRESSIVE;
				CLANG_WARN_UNREACHABLE_CODE = YES;
				CLANG_WARN__DUPLICATE_METHOD_MATCH = YES;
				COPY_PHASE_STRIP = NO;
				DEBUG_INFORMATION_FORMAT = dwarf;
				ENABLE_STRICT_OBJC_MSGSEND = YES;
				ENABLE_TESTABILITY = YES;
				GCC_C_LANGUAGE_STANDARD = gnu11;
				GCC_DYNAMIC_NO_PIC = NO;
				GCC_NO_COMMON_BLOCKS = YES;
				GCC_OPTIMIZATION_LEVEL = 0;
				GCC_PREPROCESSOR_DEFINITIONS = (
					"DEBUG=1",
					"$(inherited)",
				);
				GCC_WARN_64_TO_32_BIT_CONVERSION = YES;
				GCC_WARN_ABOUT_RETURN_TYPE = YES_ERROR;
				GCC_WARN_UNDECLARED_SELECTOR = YES;
				GCC_WARN_UNINITIALIZED_AUTOS = YES_AGGRESSIVE;
				GCC_WARN_UNUSED_FUNCTION = YES;
				GCC_WARN_UNUSED_VARIABLE = YES;
				IPHONEOS_DEPLOYMENT_TARGET = 16.2;
				MTL_ENABLE_DEBUG_INFO = INCLUDE_SOURCE;
				MTL_FAST_MATH = YES;
				ONLY_ACTIVE_ARCH = YES;
				SDKROOT = iphoneos;
				SWIFT_ACTIVE_COMPILATION_CONDITIONS = DEBUG;
				SWIFT_OPTIMIZATION_LEVEL = "-Onone";
			};
			name = Debug;
		};
		1AF5F0CC29D989C200BE549C /* Release */ = {
			isa = XCBuildConfiguration;
			buildSettings = {
				ALWAYS_SEARCH_USER_PATHS = NO;
				CLANG_ANALYZER_NONNULL = YES;
				CLANG_ANALYZER_NUMBER_OBJECT_CONVERSION = YES_AGGRESSIVE;
				CLANG_CXX_LANGUAGE_STANDARD = "gnu++20";
				CLANG_ENABLE_MODULES = YES;
				CLANG_ENABLE_OBJC_ARC = YES;
				CLANG_ENABLE_OBJC_WEAK = YES;
				CLANG_WARN_BLOCK_CAPTURE_AUTORELEASING = YES;
				CLANG_WARN_BOOL_CONVERSION = YES;
				CLANG_WARN_COMMA = YES;
				CLANG_WARN_CONSTANT_CONVERSION = YES;
				CLANG_WARN_DEPRECATED_OBJC_IMPLEMENTATIONS = YES;
				CLANG_WARN_DIRECT_OBJC_ISA_USAGE = YES_ERROR;
				CLANG_WARN_DOCUMENTATION_COMMENTS = YES;
				CLANG_WARN_EMPTY_BODY = YES;
				CLANG_WARN_ENUM_CONVERSION = YES;
				CLANG_WARN_INFINITE_RECURSION = YES;
				CLANG_WARN_INT_CONVERSION = YES;
				CLANG_WARN_NON_LITERAL_NULL_CONVERSION = YES;
				CLANG_WARN_OBJC_IMPLICIT_RETAIN_SELF = YES;
				CLANG_WARN_OBJC_LITERAL_CONVERSION = YES;
				CLANG_WARN_OBJC_ROOT_CLASS = YES_ERROR;
				CLANG_WARN_QUOTED_INCLUDE_IN_FRAMEWORK_HEADER = YES;
				CLANG_WARN_RANGE_LOOP_ANALYSIS = YES;
				CLANG_WARN_STRICT_PROTOTYPES = YES;
				CLANG_WARN_SUSPICIOUS_MOVE = YES;
				CLANG_WARN_UNGUARDED_AVAILABILITY = YES_AGGRESSIVE;
				CLANG_WARN_UNREACHABLE_CODE = YES;
				CLANG_WARN__DUPLICATE_METHOD_MATCH = YES;
				COPY_PHASE_STRIP = NO;
				DEBUG_INFORMATION_FORMAT = "dwarf-with-dsym";
				ENABLE_NS_ASSERTIONS = NO;
				ENABLE_STRICT_OBJC_MSGSEND = YES;
				GCC_C_LANGUAGE_STANDARD = gnu11;
				GCC_NO_COMMON_BLOCKS = YES;
				GCC_WARN_64_TO_32_BIT_CONVERSION = YES;
				GCC_WARN_ABOUT_RETURN_TYPE = YES_ERROR;
				GCC_WARN_UNDECLARED_SELECTOR = YES;
				GCC_WARN_UNINITIALIZED_AUTOS = YES_AGGRESSIVE;
				GCC_WARN_UNUSED_FUNCTION = YES;
				GCC_WARN_UNUSED_VARIABLE = YES;
				IPHONEOS_DEPLOYMENT_TARGET = 16.2;
				MTL_ENABLE_DEBUG_INFO = NO;
				MTL_FAST_MATH = YES;
				SDKROOT = iphoneos;
				SWIFT_COMPILATION_MODE = wholemodule;
				SWIFT_OPTIMIZATION_LEVEL = "-O";
				VALIDATE_PRODUCT = YES;
			};
			name = Release;
		};
		1AF5F0CE29D989C200BE549C /* Debug */ = {
			isa = XCBuildConfiguration;
			buildSettings = {
				ASSETCATALOG_COMPILER_APPICON_NAME = AppIcon;
				ASSETCATALOG_COMPILER_GLOBAL_ACCENT_COLOR_NAME = AccentColor;
				CODE_SIGN_STYLE = Automatic;
				CURRENT_PROJECT_VERSION = 1;
				DEVELOPMENT_TEAM = XDT856NQ4B;
				GENERATE_INFOPLIST_FILE = YES;
				INFOPLIST_FILE = Authorisation/App/Info.plist;
				INFOPLIST_KEY_CFBundleDisplayName = AboutMe;
				INFOPLIST_KEY_UIApplicationSupportsIndirectInputEvents = YES;
				INFOPLIST_KEY_UILaunchStoryboardName = LaunchScreen;
				INFOPLIST_KEY_UIMainStoryboardFile = Main;
				INFOPLIST_KEY_UISupportedInterfaceOrientations = UIInterfaceOrientationPortrait;
				INFOPLIST_KEY_UISupportedInterfaceOrientations_iPad = "UIInterfaceOrientationLandscapeLeft UIInterfaceOrientationLandscapeRight UIInterfaceOrientationPortrait UIInterfaceOrientationPortraitUpsideDown";
				IPHONEOS_DEPLOYMENT_TARGET = 15.0;
				LD_RUNPATH_SEARCH_PATHS = (
					"$(inherited)",
					"@executable_path/Frameworks",
				);
				MARKETING_VERSION = 1.0;
				PRODUCT_BUNDLE_IDENTIFIER = com.asmatviets..Authorisation;
				PRODUCT_NAME = "$(TARGET_NAME)";
				SUPPORTED_PLATFORMS = "iphoneos iphonesimulator";
				SUPPORTS_MACCATALYST = NO;
				SUPPORTS_MAC_DESIGNED_FOR_IPHONE_IPAD = NO;
				SWIFT_EMIT_LOC_STRINGS = YES;
				SWIFT_VERSION = 5.0;
				TARGETED_DEVICE_FAMILY = 1;
			};
			name = Debug;
		};
		1AF5F0CF29D989C200BE549C /* Release */ = {
			isa = XCBuildConfiguration;
			buildSettings = {
				ASSETCATALOG_COMPILER_APPICON_NAME = AppIcon;
				ASSETCATALOG_COMPILER_GLOBAL_ACCENT_COLOR_NAME = AccentColor;
				CODE_SIGN_STYLE = Automatic;
				CURRENT_PROJECT_VERSION = 1;
				DEVELOPMENT_TEAM = XDT856NQ4B;
				GENERATE_INFOPLIST_FILE = YES;
				INFOPLIST_FILE = Authorisation/App/Info.plist;
				INFOPLIST_KEY_CFBundleDisplayName = AboutMe;
				INFOPLIST_KEY_UIApplicationSupportsIndirectInputEvents = YES;
				INFOPLIST_KEY_UILaunchStoryboardName = LaunchScreen;
				INFOPLIST_KEY_UIMainStoryboardFile = Main;
				INFOPLIST_KEY_UISupportedInterfaceOrientations = UIInterfaceOrientationPortrait;
				INFOPLIST_KEY_UISupportedInterfaceOrientations_iPad = "UIInterfaceOrientationLandscapeLeft UIInterfaceOrientationLandscapeRight UIInterfaceOrientationPortrait UIInterfaceOrientationPortraitUpsideDown";
				IPHONEOS_DEPLOYMENT_TARGET = 15.0;
				LD_RUNPATH_SEARCH_PATHS = (
					"$(inherited)",
					"@executable_path/Frameworks",
				);
				MARKETING_VERSION = 1.0;
				PRODUCT_BUNDLE_IDENTIFIER = com.asmatviets..Authorisation;
				PRODUCT_NAME = "$(TARGET_NAME)";
				SUPPORTED_PLATFORMS = "iphoneos iphonesimulator";
				SUPPORTS_MACCATALYST = NO;
				SUPPORTS_MAC_DESIGNED_FOR_IPHONE_IPAD = NO;
				SWIFT_EMIT_LOC_STRINGS = YES;
				SWIFT_VERSION = 5.0;
				TARGETED_DEVICE_FAMILY = 1;
			};
			name = Release;
		};
/* End XCBuildConfiguration section */

/* Begin XCConfigurationList section */
		1AF5F0B429D989C100BE549C /* Build configuration list for PBXProject "Authorisation" */ = {
			isa = XCConfigurationList;
			buildConfigurations = (
				1AF5F0CB29D989C200BE549C /* Debug */,
				1AF5F0CC29D989C200BE549C /* Release */,
			);
			defaultConfigurationIsVisible = 0;
			defaultConfigurationName = Release;
		};
		1AF5F0CD29D989C200BE549C /* Build configuration list for PBXNativeTarget "Authorisation" */ = {
			isa = XCConfigurationList;
			buildConfigurations = (
				1AF5F0CE29D989C200BE549C /* Debug */,
				1AF5F0CF29D989C200BE549C /* Release */,
			);
			defaultConfigurationIsVisible = 0;
			defaultConfigurationName = Release;
		};
/* End XCConfigurationList section */
	};
	rootObject = 1AF5F0B129D989C100BE549C /* Project object */;
}
